
Microsoft Visual Studio Solution File, Format Version 12.00
# Visual Studio 14
VisualStudioVersion = 14.0.24720.0
MinimumVisualStudioVersion = 10.0.40219.1
Project("{FAE04EC0-301F-11D3-BF4B-00C04F79EFBC}") = "RESTfulFramework.NET.UserService", "RESTfulFramework.NET.UserService\RESTfulFramework.NET.UserService.csproj", "{5CD53A33-9AE8-4DE1-849C-6D8C846E1708}"
EndProject
Project("{FAE04EC0-301F-11D3-BF4B-00C04F79EFBC}") = "RESTfulFramework.NET.DataService", "RESTfulFramework.NET.DataService\RESTfulFramework.NET.DataService.csproj", "{25786102-BC9E-4779-BD15-035573334E6C}"
EndProject
Project("{FAE04EC0-301F-11D3-BF4B-00C04F79EFBC}") = "RESTfulFramework.NET.ComponentModel", "RESTfulFramework.NET.ComponentModel\RESTfulFramework.NET.ComponentModel.csproj", "{AC3C5127-74CB-4D39-8D60-2609217A272E}"
EndProject
Project("{FAE04EC0-301F-11D3-BF4B-00C04F79EFBC}") = "RESTfulFramework.NET.Security", "RESTfulFramework.NET.Security\RESTfulFramework.NET.Security.csproj", "{239D7260-0B2A-46B7-B931-C2954E33A0F2}"
EndProject
Project("{FAE04EC0-301F-11D3-BF4B-00C04F79EFBC}") = "RESTfulFramework.NET.Units", "RESTfulFramework.NET.Units\RESTfulFramework.NET.Units.csproj", "{D203BB50-4A56-4B9D-B341-9928B09E822D}"
EndProject
Project("{FAE04EC0-301F-11D3-BF4B-00C04F79EFBC}") = "RESTfulFramework.NET.Business", "RESTfulFramework.NET.Business\RESTfulFramework.NET.Business.csproj", "{F93D43A5-BF26-49CA-9D06-C0C6BC3D7DA5}"
EndProject
Project("{FAE04EC0-301F-11D3-BF4B-00C04F79EFBC}") = "RESTfulFramework.NET.Common", "RESTfulFramework.NET.Common\RESTfulFramework.NET.Common.csproj", "{F153AB9F-269D-4269-96F1-45455EB6DAD9}"
EndProject
Project("{FAE04EC0-301F-11D3-BF4B-00C04F79EFBC}") = "RESTfulFramework.NET.ConsoleWCF", "RESTfulFramework.NET.ConsoleWCF\RESTfulFramework.NET.ConsoleWCF.csproj", "{BFDB6044-9560-4C8C-853F-67B3A5917226}"
EndProject
Global
	GlobalSection(SolutionConfigurationPlatforms) = preSolution
		Debug|Any CPU = Debug|Any CPU
		Release|Any CPU = Release|Any CPU
	EndGlobalSection
	GlobalSection(ProjectConfigurationPlatforms) = postSolution
		{5CD53A33-9AE8-4DE1-849C-6D8C846E1708}.Debug|Any CPU.ActiveCfg = Debug|Any CPU
		{5CD53A33-9AE8-4DE1-849C-6D8C846E1708}.Debug|Any CPU.Build.0 = Debug|Any CPU
		{5CD53A33-9AE8-4DE1-849C-6D8C846E1708}.Release|Any CPU.ActiveCfg = Release|Any CPU
		{5CD53A33-9AE8-4DE1-849C-6D8C846E1708}.Release|Any CPU.Build.0 = Release|Any CPU
		{25786102-BC9E-4779-BD15-035573334E6C}.Debug|Any CPU.ActiveCfg = Debug|Any CPU
		{25786102-BC9E-4779-BD15-035573334E6C}.Debug|Any CPU.Build.0 = Debug|Any CPU
		{25786102-BC9E-4779-BD15-035573334E6C}.Release|Any CPU.ActiveCfg = Release|Any CPU
		{25786102-BC9E-4779-BD15-035573334E6C}.Release|Any CPU.Build.0 = Release|Any CPU
		{AC3C5127-74CB-4D39-8D60-2609217A272E}.Debug|Any CPU.ActiveCfg = Debug|Any CPU
		{AC3C5127-74CB-4D39-8D60-2609217A272E}.Debug|Any CPU.Build.0 = Debug|Any CPU
		{AC3C5127-74CB-4D39-8D60-2609217A272E}.Release|Any CPU.ActiveCfg = Release|Any CPU
		{AC3C5127-74CB-4D39-8D60-2609217A272E}.Release|Any CPU.Build.0 = Release|Any CPU
		{239D7260-0B2A-46B7-B931-C2954E33A0F2}.Debug|Any CPU.ActiveCfg = Debug|Any CPU
		{239D7260-0B2A-46B7-B931-C2954E33A0F2}.Debug|Any CPU.Build.0 = Debug|Any CPU
		{239D7260-0B2A-46B7-B931-C2954E33A0F2}.Release|Any CPU.ActiveCfg = Release|Any CPU
		{239D7260-0B2A-46B7-B931-C2954E33A0F2}.Release|Any CPU.Build.0 = Release|Any CPU
		{D203BB50-4A56-4B9D-B341-9928B09E822D}.Debug|Any CPU.ActiveCfg = Debug|Any CPU
		{D203BB50-4A56-4B9D-B341-9928B09E822D}.Debug|Any CPU.Build.0 = Debug|Any CPU
		{D203BB50-4A56-4B9D-B341-9928B09E822D}.Release|Any CPU.ActiveCfg = Release|Any CPU
		{D203BB50-4A56-4B9D-B341-9928B09E822D}.Release|Any CPU.Build.0 = Release|Any CPU
		{F93D43A5-BF26-49CA-9D06-C0C6BC3D7DA5}.Debug|Any CPU.ActiveCfg = Debug|Any CPU
		{F93D43A5-BF26-49CA-9D06-C0C6BC3D7DA5}.Debug|Any CPU.Build.0 = Debug|Any CPU
		{F93D43A5-BF26-49CA-9D06-C0C6BC3D7DA5}.Release|Any CPU.ActiveCfg = Release|Any CPU
		{F93D43A5-BF26-49CA-9D06-C0C6BC3D7DA5}.Release|Any CPU.Build.0 = Release|Any CPU
		{F153AB9F-269D-4269-96F1-45455EB6DAD9}.Debug|Any CPU.ActiveCfg = Debug|Any CPU
		{F153AB9F-269D-4269-96F1-45455EB6DAD9}.Debug|Any CPU.Build.0 = Debug|Any CPU
		{F153AB9F-269D-4269-96F1-45455EB6DAD9}.Release|Any CPU.ActiveCfg = Release|Any CPU
		{F153AB9F-269D-4269-96F1-45455EB6DAD9}.Release|Any CPU.Build.0 = Release|Any CPU
		{BFDB6044-9560-4C8C-853F-67B3A5917226}.Debug|Any CPU.ActiveCfg = Debug|Any CPU
		{BFDB6044-9560-4C8C-853F-67B3A5917226}.Debug|Any CPU.Build.0 = Debug|Any CPU
		{BFDB6044-9560-4C8C-853F-67B3A5917226}.Release|Any CPU.ActiveCfg = Release|Any CPU
		{BFDB6044-9560-4C8C-853F-67B3A5917226}.Release|Any CPU.Build.0 = Release|Any CPU
	EndGlobalSection
	GlobalSection(SolutionProperties) = preSolution
		HideSolutionNode = FALSE
	EndGlobalSection
EndGlobal
