
Microsoft Visual Studio Solution File, Format Version 12.00
# Visual Studio 14
VisualStudioVersion = 14.0.24720.0
MinimumVisualStudioVersion = 10.0.40219.1
Project("{FAE04EC0-301F-11D3-BF4B-00C04F79EFBC}") = "RESTfulFramework.Core", "RESTfulFramework.Core\RESTfulFramework.Core.csproj", "{F54D38A6-4ABD-4EEA-AADA-81F92B482E10}"
EndProject
Project("{FAE04EC0-301F-11D3-BF4B-00C04F79EFBC}") = "RESTfulFramework.ICore", "RESTfulFramework.ICore\RESTfulFramework.ICore.csproj", "{1D2A1DFC-4ECC-4911-B243-7592D9248592}"
EndProject
Project("{2150E333-8FDC-42A3-9474-1A3956D46DE8}") = "RESTfulFramework.CorePlugin", "RESTfulFramework.CorePlugin", "{95642DF9-DD37-4B88-A4C9-87144AAD4511}"
EndProject
Project("{FAE04EC0-301F-11D3-BF4B-00C04F79EFBC}") = "RESTfulFramework.IPushPlugin", "RESTfulFramework.IPushPlugin\RESTfulFramework.IPushPlugin.csproj", "{5CBD525A-1DB7-4F70-AB57-EAF6A2A6867F}"
EndProject
Project("{FAE04EC0-301F-11D3-BF4B-00C04F79EFBC}") = "RESTfulFramework.IJsonSerializerPlugin", "RESTfulFramework.IJsonSerializerPlugin\RESTfulFramework.IJsonSerializerPlugin.csproj", "{E309D3B7-BB8B-4415-9569-0A1E0D3B3CD7}"
EndProject
Project("{FAE04EC0-301F-11D3-BF4B-00C04F79EFBC}") = "RESTfulFramework.ILogPlugin", "RESTfulFramework.ILogPlugin\RESTfulFramework.ILogPlugin.csproj", "{7950CDBD-D574-43C8-A023-2F2F2178B262}"
EndProject
Project("{2150E333-8FDC-42A3-9474-1A3956D46DE8}") = "RESTfulFramework.ProtocolPlugin", "RESTfulFramework.ProtocolPlugin", "{8385047D-76DE-4E09-90D3-9BBC5308D064}"
EndProject
Project("{FAE04EC0-301F-11D3-BF4B-00C04F79EFBC}") = "RESTfulFramework.IProtocolPlugin", "RESTfulFramework.IProtocolPlugin\RESTfulFramework.IProtocolPlugin.csproj", "{9BC4A191-6250-4986-BBED-BDDE568A83CA}"
EndProject
Project("{FAE04EC0-301F-11D3-BF4B-00C04F79EFBC}") = "RESTfulFramework.IUserPlugin", "RESTfulFramework.IUserPlugin\RESTfulFramework.IUserPlugin.csproj", "{376B689D-9A28-414D-8808-5C2A6655908B}"
EndProject
Project("{FAE04EC0-301F-11D3-BF4B-00C04F79EFBC}") = "RESTfulFramework.IDataCheckPlugin", "RESTfulFramework.IDataCheckPlugin\RESTfulFramework.IDataCheckPlugin.csproj", "{D7478FFD-A03F-4252-8585-DB3158A8F6B4}"
EndProject
Project("{FAE04EC0-301F-11D3-BF4B-00C04F79EFBC}") = "RESTfulFramework.IExpandPlugin", "RESTfulFramework.IExpandPlugin\RESTfulFramework.IExpandPlugin.csproj", "{954E2E5B-7E03-470C-9C6D-7F5E4FD70251}"
EndProject
Project("{FAE04EC0-301F-11D3-BF4B-00C04F79EFBC}") = "RESTfulFramework.IBodyTransforObjectPlugin", "RESTfulFramework.IBodyTransforObject\RESTfulFramework.IBodyTransforObjectPlugin.csproj", "{EFBF76DD-7F94-4B22-96A3-A14B72161698}"
EndProject
Project("{FAE04EC0-301F-11D3-BF4B-00C04F79EFBC}") = "RESTfulFramework.Console", "RESTfulFramework.Console\RESTfulFramework.Console.csproj", "{264D8813-0944-45D5-BED3-C5A19D802A7E}"
EndProject
Project("{2150E333-8FDC-42A3-9474-1A3956D46DE8}") = "RESTfulFramework.ProtocolPluginDemo", "RESTfulFramework.ProtocolPluginDemo", "{654646C3-81E5-435F-8EB0-6AACA2851ABE}"
EndProject
Project("{FAE04EC0-301F-11D3-BF4B-00C04F79EFBC}") = "RESTfulFramework.ProtocolAccount", "RESTfulFramework.ProtocolLogin\RESTfulFramework.ProtocolAccount.csproj", "{90D71112-C207-41BD-930D-8D98ABD78C1F}"
EndProject
Project("{2150E333-8FDC-42A3-9474-1A3956D46DE8}") = "RESTfulFramework.CorePluginDemo", "RESTfulFramework.CorePluginDemo", "{190B4255-1D77-4600-9E37-2300BCB0DB4A}"
EndProject
Project("{FAE04EC0-301F-11D3-BF4B-00C04F79EFBC}") = "RESTfulFramework.BodyTransforObjectDemo", "RESTfulFramework.BodyTransforObjectDemo\RESTfulFramework.BodyTransforObjectDemo.csproj", "{01912F36-A754-4A86-9BF2-F307D6CE739A}"
EndProject
Project("{FAE04EC0-301F-11D3-BF4B-00C04F79EFBC}") = "RESTfulFramework.JsonSerializerDemo", "RESTfulFramework.JsonSerializerDemo\RESTfulFramework.JsonSerializerDemo.csproj", "{D83BE7AF-8CA4-4F83-88B3-733CD0FA5481}"
EndProject
Project("{FAE04EC0-301F-11D3-BF4B-00C04F79EFBC}") = "RESTfulFramework.LogDemo", "RESTfulFramework.LogDemo\RESTfulFramework.LogDemo.csproj", "{88A72E75-8B4C-45AA-BE1A-FEF979BB9370}"
EndProject
Project("{FAE04EC0-301F-11D3-BF4B-00C04F79EFBC}") = "RESTfulFramework.DataCheckDemo", "RESTfulFramework.DataCheckDemo\RESTfulFramework.DataCheckDemo.csproj", "{E0120AF9-423E-4D95-A18E-AC92902FC785}"
EndProject
Project("{FAE04EC0-301F-11D3-BF4B-00C04F79EFBC}") = "RESTfulFramework.UserDemo", "RESTfulFramework.UserDemo\RESTfulFramework.UserDemo.csproj", "{FCD31368-EEB4-4565-BB6D-3F33C089B498}"
EndProject
Project("{2150E333-8FDC-42A3-9474-1A3956D46DE8}") = "RESTfulFramework.CommonDemo", "RESTfulFramework.CommonDemo", "{E0028E76-0E16-4DFF-ADDC-677750546CBD}"
EndProject
Project("{FAE04EC0-301F-11D3-BF4B-00C04F79EFBC}") = "MySqlModel", "D:\GitHub\MySqlModel\MySqlModel\MySqlModel.csproj", "{4384B6CD-64BF-4D93-B342-66DD2FDC5611}"
EndProject
Project("{FAE04EC0-301F-11D3-BF4B-00C04F79EFBC}") = "RESTfulFramework.Common", "RESTfulFramework.Tool\RESTfulFramework.Common.csproj", "{13685F7D-FAD1-437F-A0B3-BC54F3F892FE}"
EndProject
Global
	GlobalSection(SolutionConfigurationPlatforms) = preSolution
		Debug|Any CPU = Debug|Any CPU
		Release|Any CPU = Release|Any CPU
	EndGlobalSection
	GlobalSection(ProjectConfigurationPlatforms) = postSolution
		{F54D38A6-4ABD-4EEA-AADA-81F92B482E10}.Debug|Any CPU.ActiveCfg = Debug|Any CPU
		{F54D38A6-4ABD-4EEA-AADA-81F92B482E10}.Debug|Any CPU.Build.0 = Debug|Any CPU
		{F54D38A6-4ABD-4EEA-AADA-81F92B482E10}.Release|Any CPU.ActiveCfg = Release|Any CPU
		{F54D38A6-4ABD-4EEA-AADA-81F92B482E10}.Release|Any CPU.Build.0 = Release|Any CPU
		{1D2A1DFC-4ECC-4911-B243-7592D9248592}.Debug|Any CPU.ActiveCfg = Debug|Any CPU
		{1D2A1DFC-4ECC-4911-B243-7592D9248592}.Debug|Any CPU.Build.0 = Debug|Any CPU
		{1D2A1DFC-4ECC-4911-B243-7592D9248592}.Release|Any CPU.ActiveCfg = Release|Any CPU
		{1D2A1DFC-4ECC-4911-B243-7592D9248592}.Release|Any CPU.Build.0 = Release|Any CPU
		{5CBD525A-1DB7-4F70-AB57-EAF6A2A6867F}.Debug|Any CPU.ActiveCfg = Debug|Any CPU
		{5CBD525A-1DB7-4F70-AB57-EAF6A2A6867F}.Debug|Any CPU.Build.0 = Debug|Any CPU
		{5CBD525A-1DB7-4F70-AB57-EAF6A2A6867F}.Release|Any CPU.ActiveCfg = Release|Any CPU
		{5CBD525A-1DB7-4F70-AB57-EAF6A2A6867F}.Release|Any CPU.Build.0 = Release|Any CPU
		{E309D3B7-BB8B-4415-9569-0A1E0D3B3CD7}.Debug|Any CPU.ActiveCfg = Debug|Any CPU
		{E309D3B7-BB8B-4415-9569-0A1E0D3B3CD7}.Debug|Any CPU.Build.0 = Debug|Any CPU
		{E309D3B7-BB8B-4415-9569-0A1E0D3B3CD7}.Release|Any CPU.ActiveCfg = Release|Any CPU
		{E309D3B7-BB8B-4415-9569-0A1E0D3B3CD7}.Release|Any CPU.Build.0 = Release|Any CPU
		{7950CDBD-D574-43C8-A023-2F2F2178B262}.Debug|Any CPU.ActiveCfg = Debug|Any CPU
		{7950CDBD-D574-43C8-A023-2F2F2178B262}.Debug|Any CPU.Build.0 = Debug|Any CPU
		{7950CDBD-D574-43C8-A023-2F2F2178B262}.Release|Any CPU.ActiveCfg = Release|Any CPU
		{7950CDBD-D574-43C8-A023-2F2F2178B262}.Release|Any CPU.Build.0 = Release|Any CPU
		{9BC4A191-6250-4986-BBED-BDDE568A83CA}.Debug|Any CPU.ActiveCfg = Debug|Any CPU
		{9BC4A191-6250-4986-BBED-BDDE568A83CA}.Debug|Any CPU.Build.0 = Debug|Any CPU
		{9BC4A191-6250-4986-BBED-BDDE568A83CA}.Release|Any CPU.ActiveCfg = Release|Any CPU
		{9BC4A191-6250-4986-BBED-BDDE568A83CA}.Release|Any CPU.Build.0 = Release|Any CPU
		{376B689D-9A28-414D-8808-5C2A6655908B}.Debug|Any CPU.ActiveCfg = Debug|Any CPU
		{376B689D-9A28-414D-8808-5C2A6655908B}.Debug|Any CPU.Build.0 = Debug|Any CPU
		{376B689D-9A28-414D-8808-5C2A6655908B}.Release|Any CPU.ActiveCfg = Release|Any CPU
		{376B689D-9A28-414D-8808-5C2A6655908B}.Release|Any CPU.Build.0 = Release|Any CPU
		{D7478FFD-A03F-4252-8585-DB3158A8F6B4}.Debug|Any CPU.ActiveCfg = Debug|Any CPU
		{D7478FFD-A03F-4252-8585-DB3158A8F6B4}.Debug|Any CPU.Build.0 = Debug|Any CPU
		{D7478FFD-A03F-4252-8585-DB3158A8F6B4}.Release|Any CPU.ActiveCfg = Release|Any CPU
		{D7478FFD-A03F-4252-8585-DB3158A8F6B4}.Release|Any CPU.Build.0 = Release|Any CPU
		{954E2E5B-7E03-470C-9C6D-7F5E4FD70251}.Debug|Any CPU.ActiveCfg = Debug|Any CPU
		{954E2E5B-7E03-470C-9C6D-7F5E4FD70251}.Debug|Any CPU.Build.0 = Debug|Any CPU
		{954E2E5B-7E03-470C-9C6D-7F5E4FD70251}.Release|Any CPU.ActiveCfg = Release|Any CPU
		{954E2E5B-7E03-470C-9C6D-7F5E4FD70251}.Release|Any CPU.Build.0 = Release|Any CPU
		{EFBF76DD-7F94-4B22-96A3-A14B72161698}.Debug|Any CPU.ActiveCfg = Debug|Any CPU
		{EFBF76DD-7F94-4B22-96A3-A14B72161698}.Debug|Any CPU.Build.0 = Debug|Any CPU
		{EFBF76DD-7F94-4B22-96A3-A14B72161698}.Release|Any CPU.ActiveCfg = Release|Any CPU
		{EFBF76DD-7F94-4B22-96A3-A14B72161698}.Release|Any CPU.Build.0 = Release|Any CPU
		{264D8813-0944-45D5-BED3-C5A19D802A7E}.Debug|Any CPU.ActiveCfg = Debug|Any CPU
		{264D8813-0944-45D5-BED3-C5A19D802A7E}.Debug|Any CPU.Build.0 = Debug|Any CPU
		{264D8813-0944-45D5-BED3-C5A19D802A7E}.Release|Any CPU.ActiveCfg = Release|Any CPU
		{264D8813-0944-45D5-BED3-C5A19D802A7E}.Release|Any CPU.Build.0 = Release|Any CPU
		{90D71112-C207-41BD-930D-8D98ABD78C1F}.Debug|Any CPU.ActiveCfg = Debug|Any CPU
		{90D71112-C207-41BD-930D-8D98ABD78C1F}.Debug|Any CPU.Build.0 = Debug|Any CPU
		{90D71112-C207-41BD-930D-8D98ABD78C1F}.Release|Any CPU.ActiveCfg = Release|Any CPU
		{90D71112-C207-41BD-930D-8D98ABD78C1F}.Release|Any CPU.Build.0 = Release|Any CPU
		{01912F36-A754-4A86-9BF2-F307D6CE739A}.Debug|Any CPU.ActiveCfg = Debug|Any CPU
		{01912F36-A754-4A86-9BF2-F307D6CE739A}.Debug|Any CPU.Build.0 = Debug|Any CPU
		{01912F36-A754-4A86-9BF2-F307D6CE739A}.Release|Any CPU.ActiveCfg = Release|Any CPU
		{01912F36-A754-4A86-9BF2-F307D6CE739A}.Release|Any CPU.Build.0 = Release|Any CPU
		{D83BE7AF-8CA4-4F83-88B3-733CD0FA5481}.Debug|Any CPU.ActiveCfg = Debug|Any CPU
		{D83BE7AF-8CA4-4F83-88B3-733CD0FA5481}.Debug|Any CPU.Build.0 = Debug|Any CPU
		{D83BE7AF-8CA4-4F83-88B3-733CD0FA5481}.Release|Any CPU.ActiveCfg = Release|Any CPU
		{D83BE7AF-8CA4-4F83-88B3-733CD0FA5481}.Release|Any CPU.Build.0 = Release|Any CPU
		{88A72E75-8B4C-45AA-BE1A-FEF979BB9370}.Debug|Any CPU.ActiveCfg = Debug|Any CPU
		{88A72E75-8B4C-45AA-BE1A-FEF979BB9370}.Debug|Any CPU.Build.0 = Debug|Any CPU
		{88A72E75-8B4C-45AA-BE1A-FEF979BB9370}.Release|Any CPU.ActiveCfg = Release|Any CPU
		{88A72E75-8B4C-45AA-BE1A-FEF979BB9370}.Release|Any CPU.Build.0 = Release|Any CPU
		{E0120AF9-423E-4D95-A18E-AC92902FC785}.Debug|Any CPU.ActiveCfg = Debug|Any CPU
		{E0120AF9-423E-4D95-A18E-AC92902FC785}.Debug|Any CPU.Build.0 = Debug|Any CPU
		{E0120AF9-423E-4D95-A18E-AC92902FC785}.Release|Any CPU.ActiveCfg = Release|Any CPU
		{E0120AF9-423E-4D95-A18E-AC92902FC785}.Release|Any CPU.Build.0 = Release|Any CPU
		{FCD31368-EEB4-4565-BB6D-3F33C089B498}.Debug|Any CPU.ActiveCfg = Debug|Any CPU
		{FCD31368-EEB4-4565-BB6D-3F33C089B498}.Debug|Any CPU.Build.0 = Debug|Any CPU
		{FCD31368-EEB4-4565-BB6D-3F33C089B498}.Release|Any CPU.ActiveCfg = Release|Any CPU
		{FCD31368-EEB4-4565-BB6D-3F33C089B498}.Release|Any CPU.Build.0 = Release|Any CPU
		{4384B6CD-64BF-4D93-B342-66DD2FDC5611}.Debug|Any CPU.ActiveCfg = Debug|Any CPU
		{4384B6CD-64BF-4D93-B342-66DD2FDC5611}.Debug|Any CPU.Build.0 = Debug|Any CPU
		{4384B6CD-64BF-4D93-B342-66DD2FDC5611}.Release|Any CPU.ActiveCfg = Release|Any CPU
		{4384B6CD-64BF-4D93-B342-66DD2FDC5611}.Release|Any CPU.Build.0 = Release|Any CPU
		{13685F7D-FAD1-437F-A0B3-BC54F3F892FE}.Debug|Any CPU.ActiveCfg = Debug|Any CPU
		{13685F7D-FAD1-437F-A0B3-BC54F3F892FE}.Debug|Any CPU.Build.0 = Debug|Any CPU
		{13685F7D-FAD1-437F-A0B3-BC54F3F892FE}.Release|Any CPU.ActiveCfg = Release|Any CPU
		{13685F7D-FAD1-437F-A0B3-BC54F3F892FE}.Release|Any CPU.Build.0 = Release|Any CPU
	EndGlobalSection
	GlobalSection(SolutionProperties) = preSolution
		HideSolutionNode = FALSE
	EndGlobalSection
	GlobalSection(NestedProjects) = preSolution
		{5CBD525A-1DB7-4F70-AB57-EAF6A2A6867F} = {95642DF9-DD37-4B88-A4C9-87144AAD4511}
		{E309D3B7-BB8B-4415-9569-0A1E0D3B3CD7} = {95642DF9-DD37-4B88-A4C9-87144AAD4511}
		{7950CDBD-D574-43C8-A023-2F2F2178B262} = {95642DF9-DD37-4B88-A4C9-87144AAD4511}
		{9BC4A191-6250-4986-BBED-BDDE568A83CA} = {8385047D-76DE-4E09-90D3-9BBC5308D064}
		{376B689D-9A28-414D-8808-5C2A6655908B} = {95642DF9-DD37-4B88-A4C9-87144AAD4511}
		{D7478FFD-A03F-4252-8585-DB3158A8F6B4} = {95642DF9-DD37-4B88-A4C9-87144AAD4511}
		{954E2E5B-7E03-470C-9C6D-7F5E4FD70251} = {95642DF9-DD37-4B88-A4C9-87144AAD4511}
		{EFBF76DD-7F94-4B22-96A3-A14B72161698} = {95642DF9-DD37-4B88-A4C9-87144AAD4511}
		{90D71112-C207-41BD-930D-8D98ABD78C1F} = {654646C3-81E5-435F-8EB0-6AACA2851ABE}
		{01912F36-A754-4A86-9BF2-F307D6CE739A} = {190B4255-1D77-4600-9E37-2300BCB0DB4A}
		{D83BE7AF-8CA4-4F83-88B3-733CD0FA5481} = {190B4255-1D77-4600-9E37-2300BCB0DB4A}
		{88A72E75-8B4C-45AA-BE1A-FEF979BB9370} = {190B4255-1D77-4600-9E37-2300BCB0DB4A}
		{E0120AF9-423E-4D95-A18E-AC92902FC785} = {190B4255-1D77-4600-9E37-2300BCB0DB4A}
		{FCD31368-EEB4-4565-BB6D-3F33C089B498} = {190B4255-1D77-4600-9E37-2300BCB0DB4A}
		{13685F7D-FAD1-437F-A0B3-BC54F3F892FE} = {E0028E76-0E16-4DFF-ADDC-677750546CBD}
	EndGlobalSection
EndGlobal
